
Microsoft Visual Studio Solution File, Format Version 12.00
# Visual Studio Version 16
VisualStudioVersion = 16.0.31005.135
MinimumVisualStudioVersion = 10.0.40219.1
Project("{FAE04EC0-301F-11D3-BF4B-00C04F79EFBC}") = "NorthernLightsHospital", "NorthernLightsHospital.csproj", "{DAAC5335-F801-49D0-909A-F88708D77100}"
EndProject
Global
	GlobalSection(SolutionConfigurationPlatforms) = preSolution
		Debug|Any CPU = Debug|Any CPU
		Release|Any CPU = Release|Any CPU
	EndGlobalSection
	GlobalSection(ProjectConfigurationPlatforms) = postSolution
		{DAAC5335-F801-49D0-909A-F88708D77100}.Debug|Any CPU.ActiveCfg = Debug|Any CPU
		{DAAC5335-F801-49D0-909A-F88708D77100}.Debug|Any CPU.Build.0 = Debug|Any CPU
		{DAAC5335-F801-49D0-909A-F88708D77100}.Release|Any CPU.ActiveCfg = Release|Any CPU
		{DAAC5335-F801-49D0-909A-F88708D77100}.Release|Any CPU.Build.0 = Release|Any CPU
	EndGlobalSection
	GlobalSection(SolutionProperties) = preSolution
		HideSolutionNode = FALSE
	EndGlobalSection
	GlobalSection(ExtensibilityGlobals) = postSolution
		SolutionGuid = {BB53692D-E61B-45F2-94AC-5CBCED1C2CA5}
	EndGlobalSection
EndGlobal
